
Microsoft Visual Studio Solution File, Format Version 12.00
# Visual Studio 15
VisualStudioVersion = 15.0.27428.2015
MinimumVisualStudioVersion = 10.0.40219.1
Project("{FAE04EC0-301F-11D3-BF4B-00C04F79EFBC}") = "ConsoleApp1", "ConsoleApp1\ConsoleApp1.csproj", "{F108F236-8AB3-4D6D-BFE5-55031C5F6790}"
EndProject
Global
	GlobalSection(SolutionConfigurationPlatforms) = preSolution
		Debug|Any CPU = Debug|Any CPU
		Release|Any CPU = Release|Any CPU
	EndGlobalSection
	GlobalSection(ProjectConfigurationPlatforms) = postSolution
		{F108F236-8AB3-4D6D-BFE5-55031C5F6790}.Debug|Any CPU.ActiveCfg = Debug|Any CPU
		{F108F236-8AB3-4D6D-BFE5-55031C5F6790}.Debug|Any CPU.Build.0 = Debug|Any CPU
		{F108F236-8AB3-4D6D-BFE5-55031C5F6790}.Release|Any CPU.ActiveCfg = Release|Any CPU
		{F108F236-8AB3-4D6D-BFE5-55031C5F6790}.Release|Any CPU.Build.0 = Release|Any CPU
	EndGlobalSection
	GlobalSection(SolutionProperties) = preSolution
		HideSolutionNode = FALSE
	EndGlobalSection
	GlobalSection(ExtensibilityGlobals) = postSolution
		SolutionGuid = {11E3F2DC-5592-46DF-AE72-BF83D41D3E3F}
	EndGlobalSection
EndGlobal
